
Microsoft Visual Studio Solution File, Format Version 12.00
# Visual Studio 15
VisualStudioVersion = 15.0.28307.271
MinimumVisualStudioVersion = 10.0.40219.1
Project("{FAE04EC0-301F-11D3-BF4B-00C04F79EFBC}") = "WebApplication1", "WebApplication1\WebApplication1.csproj", "{31ABAA5F-A990-43C8-A65F-4A1C6F6A4F55}"
EndProject
Global
	GlobalSection(SolutionConfigurationPlatforms) = preSolution
		Debug|Any CPU = Debug|Any CPU
		Release|Any CPU = Release|Any CPU
	EndGlobalSection
	GlobalSection(ProjectConfigurationPlatforms) = postSolution
		{31ABAA5F-A990-43C8-A65F-4A1C6F6A4F55}.Debug|Any CPU.ActiveCfg = Debug|Any CPU
		{31ABAA5F-A990-43C8-A65F-4A1C6F6A4F55}.Debug|Any CPU.Build.0 = Debug|Any CPU
		{31ABAA5F-A990-43C8-A65F-4A1C6F6A4F55}.Release|Any CPU.ActiveCfg = Release|Any CPU
		{31ABAA5F-A990-43C8-A65F-4A1C6F6A4F55}.Release|Any CPU.Build.0 = Release|Any CPU
	EndGlobalSection
	GlobalSection(SolutionProperties) = preSolution
		HideSolutionNode = FALSE
	EndGlobalSection
	GlobalSection(ExtensibilityGlobals) = postSolution
		SolutionGuid = {101395CD-9823-4D6A-A93B-248CFE875072}
	EndGlobalSection
EndGlobal
